
Microsoft Visual Studio Solution File, Format Version 12.00
# Visual Studio 15
VisualStudioVersion = 15.0.28307.421
MinimumVisualStudioVersion = 10.0.40219.1
Project("{FAE04EC0-301F-11D3-BF4B-00C04F79EFBC}") = "legendary", "legendary\legendary.csproj", "{EE14DBA0-588C-418B-925E-6EE2C8FC8452}"
EndProject
Global
	GlobalSection(SolutionConfigurationPlatforms) = preSolution
		Debug|ARM = Debug|ARM
		Debug|ARM64 = Debug|ARM64
		Debug|x64 = Debug|x64
		Debug|x86 = Debug|x86
		Release|ARM = Release|ARM
		Release|ARM64 = Release|ARM64
		Release|x64 = Release|x64
		Release|x86 = Release|x86
	EndGlobalSection
	GlobalSection(ProjectConfigurationPlatforms) = postSolution
		{EE14DBA0-588C-418B-925E-6EE2C8FC8452}.Debug|ARM.ActiveCfg = Debug|ARM
		{EE14DBA0-588C-418B-925E-6EE2C8FC8452}.Debug|ARM.Build.0 = Debug|ARM
		{EE14DBA0-588C-418B-925E-6EE2C8FC8452}.Debug|ARM.Deploy.0 = Debug|ARM
		{EE14DBA0-588C-418B-925E-6EE2C8FC8452}.Debug|ARM64.ActiveCfg = Debug|ARM64
		{EE14DBA0-588C-418B-925E-6EE2C8FC8452}.Debug|ARM64.Build.0 = Debug|ARM64
		{EE14DBA0-588C-418B-925E-6EE2C8FC8452}.Debug|ARM64.Deploy.0 = Debug|ARM64
		{EE14DBA0-588C-418B-925E-6EE2C8FC8452}.Debug|x64.ActiveCfg = Debug|x64
		{EE14DBA0-588C-418B-925E-6EE2C8FC8452}.Debug|x64.Build.0 = Debug|x64
		{EE14DBA0-588C-418B-925E-6EE2C8FC8452}.Debug|x64.Deploy.0 = Debug|x64
		{EE14DBA0-588C-418B-925E-6EE2C8FC8452}.Debug|x86.ActiveCfg = Debug|x86
		{EE14DBA0-588C-418B-925E-6EE2C8FC8452}.Debug|x86.Build.0 = Debug|x86
		{EE14DBA0-588C-418B-925E-6EE2C8FC8452}.Debug|x86.Deploy.0 = Debug|x86
		{EE14DBA0-588C-418B-925E-6EE2C8FC8452}.Release|ARM.ActiveCfg = Release|ARM
		{EE14DBA0-588C-418B-925E-6EE2C8FC8452}.Release|ARM.Build.0 = Release|ARM
		{EE14DBA0-588C-418B-925E-6EE2C8FC8452}.Release|ARM.Deploy.0 = Release|ARM
		{EE14DBA0-588C-418B-925E-6EE2C8FC8452}.Release|ARM64.ActiveCfg = Release|ARM64
		{EE14DBA0-588C-418B-925E-6EE2C8FC8452}.Release|ARM64.Build.0 = Release|ARM64
		{EE14DBA0-588C-418B-925E-6EE2C8FC8452}.Release|ARM64.Deploy.0 = Release|ARM64
		{EE14DBA0-588C-418B-925E-6EE2C8FC8452}.Release|x64.ActiveCfg = Release|x64
		{EE14DBA0-588C-418B-925E-6EE2C8FC8452}.Release|x64.Build.0 = Release|x64
		{EE14DBA0-588C-418B-925E-6EE2C8FC8452}.Release|x64.Deploy.0 = Release|x64
		{EE14DBA0-588C-418B-925E-6EE2C8FC8452}.Release|x86.ActiveCfg = Release|x86
		{EE14DBA0-588C-418B-925E-6EE2C8FC8452}.Release|x86.Build.0 = Release|x86
		{EE14DBA0-588C-418B-925E-6EE2C8FC8452}.Release|x86.Deploy.0 = Release|x86
	EndGlobalSection
	GlobalSection(SolutionProperties) = preSolution
		HideSolutionNode = FALSE
	EndGlobalSection
	GlobalSection(ExtensibilityGlobals) = postSolution
		SolutionGuid = {1C9E695A-F04A-4B92-A291-E43EEB75D073}
	EndGlobalSection
EndGlobal
